// !$*UTF8*$!
{
	archiveVersion = 1;
	classes = {
	};
	objectVersion = 56;
	objects = {

/* Begin PBXBuildFile section */
		2B5428362AF24C0100C1D309 /* AppEnviroment.swift in Sources */ = {isa = PBXBuildFile; fileRef = 2B5428352AF24C0100C1D309 /* AppEnviroment.swift */; };
		2B54283E2AF2560800C1D309 /* CoffeOrderE2EUITests.swift in Sources */ = {isa = PBXBuildFile; fileRef = 2B54283D2AF2560800C1D309 /* CoffeOrderE2EUITests.swift */; };
		2B6C5F502AEFF3C60060650F /* CoffeOrderApp.swift in Sources */ = {isa = PBXBuildFile; fileRef = 2B6C5F4F2AEFF3C60060650F /* CoffeOrderApp.swift */; };
		2B6C5F522AEFF3C60060650F /* ContentView.swift in Sources */ = {isa = PBXBuildFile; fileRef = 2B6C5F512AEFF3C60060650F /* ContentView.swift */; };
		2B6C5F542AEFF3C80060650F /* Assets.xcassets in Resources */ = {isa = PBXBuildFile; fileRef = 2B6C5F532AEFF3C80060650F /* Assets.xcassets */; };
		2B6C5F572AEFF3C80060650F /* Preview Assets.xcassets in Resources */ = {isa = PBXBuildFile; fileRef = 2B6C5F562AEFF3C80060650F /* Preview Assets.xcassets */; };
		2B6C5F5F2AEFF43E0060650F /* Webservice.swift in Sources */ = {isa = PBXBuildFile; fileRef = 2B6C5F5E2AEFF43E0060650F /* Webservice.swift */; };
		2B6C5F622AEFF47F0060650F /* Order.swift in Sources */ = {isa = PBXBuildFile; fileRef = 2B6C5F612AEFF47F0060650F /* Order.swift */; };
		2B6C5F642AF01C9E0060650F /* CoffeModel.swift in Sources */ = {isa = PBXBuildFile; fileRef = 2B6C5F632AF01C9E0060650F /* CoffeModel.swift */; };
		2B6C5F672AF025E80060650F /* OrderCellView.swift in Sources */ = {isa = PBXBuildFile; fileRef = 2B6C5F662AF025E80060650F /* OrderCellView.swift */; };
		2B6C5F6A2AF026400060650F /* NumberFormatter+Extensions.swift in Sources */ = {isa = PBXBuildFile; fileRef = 2B6C5F692AF026400060650F /* NumberFormatter+Extensions.swift */; };
/* End PBXBuildFile section */

/* Begin PBXContainerItemProxy section */
		2B5428412AF2560800C1D309 /* PBXContainerItemProxy */ = {
			isa = PBXContainerItemProxy;
			containerPortal = 2B6C5F442AEFF3C60060650F /* Project object */;
			proxyType = 1;
			remoteGlobalIDString = 2B6C5F4B2AEFF3C60060650F;
			remoteInfo = CoffeOrder;
		};
/* End PBXContainerItemProxy section */

/* Begin PBXFileReference section */
		2B5428352AF24C0100C1D309 /* AppEnviroment.swift */ = {isa = PBXFileReference; lastKnownFileType = sourcecode.swift; path = AppEnviroment.swift; sourceTree = "<group>"; };
		2B54283B2AF2560800C1D309 /* CoffeOrderE2EUITests.xctest */ = {isa = PBXFileReference; explicitFileType = wrapper.cfbundle; includeInIndex = 0; path = CoffeOrderE2EUITests.xctest; sourceTree = BUILT_PRODUCTS_DIR; };
		2B54283D2AF2560800C1D309 /* CoffeOrderE2EUITests.swift */ = {isa = PBXFileReference; lastKnownFileType = sourcecode.swift; path = CoffeOrderE2EUITests.swift; sourceTree = "<group>"; };
		2B6C5F4C2AEFF3C60060650F /* CoffeOrder.app */ = {isa = PBXFileReference; explicitFileType = wrapper.application; includeInIndex = 0; path = CoffeOrder.app; sourceTree = BUILT_PRODUCTS_DIR; };
		2B6C5F4F2AEFF3C60060650F /* CoffeOrderApp.swift */ = {isa = PBXFileReference; lastKnownFileType = sourcecode.swift; path = CoffeOrderApp.swift; sourceTree = "<group>"; };
		2B6C5F512AEFF3C60060650F /* ContentView.swift */ = {isa = PBXFileReference; lastKnownFileType = sourcecode.swift; path = ContentView.swift; sourceTree = "<group>"; };
		2B6C5F532AEFF3C80060650F /* Assets.xcassets */ = {isa = PBXFileReference; lastKnownFileType = folder.assetcatalog; path = Assets.xcassets; sourceTree = "<group>"; };
		2B6C5F562AEFF3C80060650F /* Preview Assets.xcassets */ = {isa = PBXFileReference; lastKnownFileType = folder.assetcatalog; path = "Preview Assets.xcassets"; sourceTree = "<group>"; };
		2B6C5F5E2AEFF43E0060650F /* Webservice.swift */ = {isa = PBXFileReference; lastKnownFileType = sourcecode.swift; path = Webservice.swift; sourceTree = "<group>"; };
		2B6C5F612AEFF47F0060650F /* Order.swift */ = {isa = PBXFileReference; lastKnownFileType = sourcecode.swift; path = Order.swift; sourceTree = "<group>"; };
		2B6C5F632AF01C9E0060650F /* CoffeModel.swift */ = {isa = PBXFileReference; lastKnownFileType = sourcecode.swift; path = CoffeModel.swift; sourceTree = "<group>"; };
		2B6C5F662AF025E80060650F /* OrderCellView.swift */ = {isa = PBXFileReference; lastKnownFileType = sourcecode.swift; path = OrderCellView.swift; sourceTree = "<group>"; };
		2B6C5F692AF026400060650F /* NumberFormatter+Extensions.swift */ = {isa = PBXFileReference; lastKnownFileType = sourcecode.swift; path = "NumberFormatter+Extensions.swift"; sourceTree = "<group>"; };
/* End PBXFileReference section */

/* Begin PBXFrameworksBuildPhase section */
		2B5428382AF2560800C1D309 /* Frameworks */ = {
			isa = PBXFrameworksBuildPhase;
			buildActionMask = 2147483647;
			files = (
			);
			runOnlyForDeploymentPostprocessing = 0;
		};
		2B6C5F492AEFF3C60060650F /* Frameworks */ = {
			isa = PBXFrameworksBuildPhase;
			buildActionMask = 2147483647;
			files = (
			);
			runOnlyForDeploymentPostprocessing = 0;
		};
/* End PBXFrameworksBuildPhase section */

/* Begin PBXGroup section */
		2B5428342AF24BDF00C1D309 /* Utils */ = {
			isa = PBXGroup;
			children = (
				2B5428352AF24C0100C1D309 /* AppEnviroment.swift */,
			);
			path = Utils;
			sourceTree = "<group>";
		};
		2B54283C2AF2560800C1D309 /* CoffeOrderE2EUITests */ = {
			isa = PBXGroup;
			children = (
				2B54283D2AF2560800C1D309 /* CoffeOrderE2EUITests.swift */,
			);
			path = CoffeOrderE2EUITests;
			sourceTree = "<group>";
		};
		2B6C5F432AEFF3C60060650F = {
			isa = PBXGroup;
			children = (
				2B6C5F4E2AEFF3C60060650F /* CoffeOrder */,
				2B54283C2AF2560800C1D309 /* CoffeOrderE2EUITests */,
				2B6C5F4D2AEFF3C60060650F /* Products */,
			);
			sourceTree = "<group>";
		};
		2B6C5F4D2AEFF3C60060650F /* Products */ = {
			isa = PBXGroup;
			children = (
				2B6C5F4C2AEFF3C60060650F /* CoffeOrder.app */,
				2B54283B2AF2560800C1D309 /* CoffeOrderE2EUITests.xctest */,
			);
			name = Products;
			sourceTree = "<group>";
		};
		2B6C5F4E2AEFF3C60060650F /* CoffeOrder */ = {
			isa = PBXGroup;
			children = (
				2B5428342AF24BDF00C1D309 /* Utils */,
				2B6C5F682AF0262A0060650F /* Extensions */,
				2B6C5F652AF025BF0060650F /* Views */,
				2B6C5F602AEFF4650060650F /* Models */,
				2B6C5F5D2AEFF3F50060650F /* Services */,
				2B6C5F4F2AEFF3C60060650F /* CoffeOrderApp.swift */,
				2B6C5F512AEFF3C60060650F /* ContentView.swift */,
				2B6C5F532AEFF3C80060650F /* Assets.xcassets */,
				2B6C5F552AEFF3C80060650F /* Preview Content */,
			);
			path = CoffeOrder;
			sourceTree = "<group>";
		};
		2B6C5F552AEFF3C80060650F /* Preview Content */ = {
			isa = PBXGroup;
			children = (
				2B6C5F562AEFF3C80060650F /* Preview Assets.xcassets */,
			);
			path = "Preview Content";
			sourceTree = "<group>";
		};
		2B6C5F5D2AEFF3F50060650F /* Services */ = {
			isa = PBXGroup;
			children = (
				2B6C5F5E2AEFF43E0060650F /* Webservice.swift */,
			);
			path = Services;
			sourceTree = "<group>";
		};
		2B6C5F602AEFF4650060650F /* Models */ = {
			isa = PBXGroup;
			children = (
				2B6C5F612AEFF47F0060650F /* Order.swift */,
				2B6C5F632AF01C9E0060650F /* CoffeModel.swift */,
			);
			path = Models;
			sourceTree = "<group>";
		};
		2B6C5F652AF025BF0060650F /* Views */ = {
			isa = PBXGroup;
			children = (
				2B6C5F662AF025E80060650F /* OrderCellView.swift */,
			);
			path = Views;
			sourceTree = "<group>";
		};
		2B6C5F682AF0262A0060650F /* Extensions */ = {
			isa = PBXGroup;
			children = (
				2B6C5F692AF026400060650F /* NumberFormatter+Extensions.swift */,
			);
			path = Extensions;
			sourceTree = "<group>";
		};
/* End PBXGroup section */

/* Begin PBXNativeTarget section */
		2B54283A2AF2560800C1D309 /* CoffeOrderE2EUITests */ = {
			isa = PBXNativeTarget;
			buildConfigurationList = 2B5428432AF2560800C1D309 /* Build configuration list for PBXNativeTarget "CoffeOrderE2EUITests" */;
			buildPhases = (
				2B5428372AF2560800C1D309 /* Sources */,
				2B5428382AF2560800C1D309 /* Frameworks */,
				2B5428392AF2560800C1D309 /* Resources */,
			);
			buildRules = (
			);
			dependencies = (
				2B5428422AF2560800C1D309 /* PBXTargetDependency */,
			);
			name = CoffeOrderE2EUITests;
			productName = CoffeOrderE2EUITests;
			productReference = 2B54283B2AF2560800C1D309 /* CoffeOrderE2EUITests.xctest */;
			productType = "com.apple.product-type.bundle.ui-testing";
		};
		2B6C5F4B2AEFF3C60060650F /* CoffeOrder */ = {
			isa = PBXNativeTarget;
			buildConfigurationList = 2B6C5F5A2AEFF3C80060650F /* Build configuration list for PBXNativeTarget "CoffeOrder" */;
			buildPhases = (
				2B6C5F482AEFF3C60060650F /* Sources */,
				2B6C5F492AEFF3C60060650F /* Frameworks */,
				2B6C5F4A2AEFF3C60060650F /* Resources */,
			);
			buildRules = (
			);
			dependencies = (
			);
			name = CoffeOrder;
			productName = CoffeOrder;
			productReference = 2B6C5F4C2AEFF3C60060650F /* CoffeOrder.app */;
			productType = "com.apple.product-type.application";
		};
/* End PBXNativeTarget section */

/* Begin PBXProject section */
		2B6C5F442AEFF3C60060650F /* Project object */ = {
			isa = PBXProject;
			attributes = {
				BuildIndependentTargetsInParallel = 1;
				LastSwiftUpdateCheck = 1400;
				LastUpgradeCheck = 1400;
				TargetAttributes = {
					2B54283A2AF2560800C1D309 = {
						CreatedOnToolsVersion = 14.0.1;
						TestTargetID = 2B6C5F4B2AEFF3C60060650F;
					};
					2B6C5F4B2AEFF3C60060650F = {
						CreatedOnToolsVersion = 14.0.1;
					};
				};
			};
			buildConfigurationList = 2B6C5F472AEFF3C60060650F /* Build configuration list for PBXProject "CoffeOrder" */;
			compatibilityVersion = "Xcode 14.0";
			developmentRegion = en;
			hasScannedForEncodings = 0;
			knownRegions = (
				en,
				Base,
			);
			mainGroup = 2B6C5F432AEFF3C60060650F;
			productRefGroup = 2B6C5F4D2AEFF3C60060650F /* Products */;
			projectDirPath = "";
			projectRoot = "";
			targets = (
				2B6C5F4B2AEFF3C60060650F /* CoffeOrder */,
				2B54283A2AF2560800C1D309 /* CoffeOrderE2EUITests */,
			);
		};
/* End PBXProject section */

/* Begin PBXResourcesBuildPhase section */
		2B5428392AF2560800C1D309 /* Resources */ = {
			isa = PBXResourcesBuildPhase;
			buildActionMask = 2147483647;
			files = (
			);
			runOnlyForDeploymentPostprocessing = 0;
		};
		2B6C5F4A2AEFF3C60060650F /* Resources */ = {
			isa = PBXResourcesBuildPhase;
			buildActionMask = 2147483647;
			files = (
				2B6C5F572AEFF3C80060650F /* Preview Assets.xcassets in Resources */,
				2B6C5F542AEFF3C80060650F /* Assets.xcassets in Resources */,
			);
			runOnlyForDeploymentPostprocessing = 0;
		};
/* End PBXResourcesBuildPhase section */

/* Begin PBXSourcesBuildPhase section */
		2B5428372AF2560800C1D309 /* Sources */ = {
			isa = PBXSourcesBuildPhase;
			buildActionMask = 2147483647;
			files = (
				2B54283E2AF2560800C1D309 /* CoffeOrderE2EUITests.swift in Sources */,
			);
			runOnlyForDeploymentPostprocessing = 0;
		};
		2B6C5F482AEFF3C60060650F /* Sources */ = {
			isa = PBXSourcesBuildPhase;
			buildActionMask = 2147483647;
			files = (
				2B6C5F642AF01C9E0060650F /* CoffeModel.swift in Sources */,
				2B6C5F522AEFF3C60060650F /* ContentView.swift in Sources */,
				2B6C5F6A2AF026400060650F /* NumberFormatter+Extensions.swift in Sources */,
				2B6C5F502AEFF3C60060650F /* CoffeOrderApp.swift in Sources */,
				2B6C5F622AEFF47F0060650F /* Order.swift in Sources */,
				2B6C5F5F2AEFF43E0060650F /* Webservice.swift in Sources */,
				2B5428362AF24C0100C1D309 /* AppEnviroment.swift in Sources */,
				2B6C5F672AF025E80060650F /* OrderCellView.swift in Sources */,
			);
			runOnlyForDeploymentPostprocessing = 0;
		};
/* End PBXSourcesBuildPhase section */

/* Begin PBXTargetDependency section */
		2B5428422AF2560800C1D309 /* PBXTargetDependency */ = {
			isa = PBXTargetDependency;
			target = 2B6C5F4B2AEFF3C60060650F /* CoffeOrder */;
			targetProxy = 2B5428412AF2560800C1D309 /* PBXContainerItemProxy */;
		};
/* End PBXTargetDependency section */

/* Begin XCBuildConfiguration section */
		2B5428442AF2560800C1D309 /* Debug */ = {
			isa = XCBuildConfiguration;
			buildSettings = {
				CODE_SIGN_STYLE = Automatic;
				CURRENT_PROJECT_VERSION = 1;
				DEVELOPMENT_TEAM = 9N245B334X;
				GENERATE_INFOPLIST_FILE = YES;
				MARKETING_VERSION = 1.0;
				PRODUCT_BUNDLE_IDENTIFIER = com.seymenelmas.CoffeOrderE2EUITests;
				PRODUCT_NAME = "$(TARGET_NAME)";
				SWIFT_EMIT_LOC_STRINGS = NO;
				SWIFT_VERSION = 5.0;
				TARGETED_DEVICE_FAMILY = "1,2";
				TEST_TARGET_NAME = CoffeOrder;
			};
			name = Debug;
		};
		2B5428452AF2560800C1D309 /* Release */ = {
			isa = XCBuildConfiguration;
			buildSettings = {
				CODE_SIGN_STYLE = Automatic;
				CURRENT_PROJECT_VERSION = 1;
				DEVELOPMENT_TEAM = 9N245B334X;
				GENERATE_INFOPLIST_FILE = YES;
				MARKETING_VERSION = 1.0;
				PRODUCT_BUNDLE_IDENTIFIER = com.seymenelmas.CoffeOrderE2EUITests;
				PRODUCT_NAME = "$(TARGET_NAME)";
				SWIFT_EMIT_LOC_STRINGS = NO;
				SWIFT_VERSION = 5.0;
				TARGETED_DEVICE_FAMILY = "1,2";
				TEST_TARGET_NAME = CoffeOrder;
			};
			name = Release;
		};
		2B6C5F582AEFF3C80060650F /* Debug */ = {
			isa = XCBuildConfiguration;
			buildSettings = {
				ALWAYS_SEARCH_USER_PATHS = NO;
				CLANG_ANALYZER_NONNULL = YES;
				CLANG_ANALYZER_NUMBER_OBJECT_CONVERSION = YES_AGGRESSIVE;
				CLANG_CXX_LANGUAGE_STANDARD = "gnu++20";
				CLANG_ENABLE_MODULES = YES;
				CLANG_ENABLE_OBJC_ARC = YES;
				CLANG_ENABLE_OBJC_WEAK = YES;
				CLANG_WARN_BLOCK_CAPTURE_AUTORELEASING = YES;
				CLANG_WARN_BOOL_CONVERSION = YES;
				CLANG_WARN_COMMA = YES;
				CLANG_WARN_CONSTANT_CONVERSION = YES;
				CLANG_WARN_DEPRECATED_OBJC_IMPLEMENTATIONS = YES;
				CLANG_WARN_DIRECT_OBJC_ISA_USAGE = YES_ERROR;
				CLANG_WARN_DOCUMENTATION_COMMENTS = YES;
				CLANG_WARN_EMPTY_BODY = YES;
				CLANG_WARN_ENUM_CONVERSION = YES;
				CLANG_WARN_INFINITE_RECURSION = YES;
				CLANG_WARN_INT_CONVERSION = YES;
				CLANG_WARN_NON_LITERAL_NULL_CONVERSION = YES;
				CLANG_WARN_OBJC_IMPLICIT_RETAIN_SELF = YES;
				CLANG_WARN_OBJC_LITERAL_CONVERSION = YES;
				CLANG_WARN_OBJC_ROOT_CLASS = YES_ERROR;
				CLANG_WARN_QUOTED_INCLUDE_IN_FRAMEWORK_HEADER = YES;
				CLANG_WARN_RANGE_LOOP_ANALYSIS = YES;
				CLANG_WARN_STRICT_PROTOTYPES = YES;
				CLANG_WARN_SUSPICIOUS_MOVE = YES;
				CLANG_WARN_UNGUARDED_AVAILABILITY = YES_AGGRESSIVE;
				CLANG_WARN_UNREACHABLE_CODE = YES;
				CLANG_WARN__DUPLICATE_METHOD_MATCH = YES;
				COPY_PHASE_STRIP = NO;
				DEBUG_INFORMATION_FORMAT = dwarf;
				ENABLE_STRICT_OBJC_MSGSEND = YES;
				ENABLE_TESTABILITY = YES;
				GCC_C_LANGUAGE_STANDARD = gnu11;
				GCC_DYNAMIC_NO_PIC = NO;
				GCC_NO_COMMON_BLOCKS = YES;
				GCC_OPTIMIZATION_LEVEL = 0;
				GCC_PREPROCESSOR_DEFINITIONS = (
					"DEBUG=1",
					"$(inherited)",
				);
				GCC_WARN_64_TO_32_BIT_CONVERSION = YES;
				GCC_WARN_ABOUT_RETURN_TYPE = YES_ERROR;
				GCC_WARN_UNDECLARED_SELECTOR = YES;
				GCC_WARN_UNINITIALIZED_AUTOS = YES_AGGRESSIVE;
				GCC_WARN_UNUSED_FUNCTION = YES;
				GCC_WARN_UNUSED_VARIABLE = YES;
				IPHONEOS_DEPLOYMENT_TARGET = 16.0;
				MTL_ENABLE_DEBUG_INFO = INCLUDE_SOURCE;
				MTL_FAST_MATH = YES;
				ONLY_ACTIVE_ARCH = YES;
				SDKROOT = iphoneos;
				SWIFT_ACTIVE_COMPILATION_CONDITIONS = DEBUG;
				SWIFT_OPTIMIZATION_LEVEL = "-Onone";
			};
			name = Debug;
		};
		2B6C5F592AEFF3C80060650F /* Release */ = {
			isa = XCBuildConfiguration;
			buildSettings = {
				ALWAYS_SEARCH_USER_PATHS = NO;
				CLANG_ANALYZER_NONNULL = YES;
				CLANG_ANALYZER_NUMBER_OBJECT_CONVERSION = YES_AGGRESSIVE;
				CLANG_CXX_LANGUAGE_STANDARD = "gnu++20";
				CLANG_ENABLE_MODULES = YES;
				CLANG_ENABLE_OBJC_ARC = YES;
				CLANG_ENABLE_OBJC_WEAK = YES;
				CLANG_WARN_BLOCK_CAPTURE_AUTORELEASING = YES;
				CLANG_WARN_BOOL_CONVERSION = YES;
				CLANG_WARN_COMMA = YES;
				CLANG_WARN_CONSTANT_CONVERSION = YES;
				CLANG_WARN_DEPRECATED_OBJC_IMPLEMENTATIONS = YES;
				CLANG_WARN_DIRECT_OBJC_ISA_USAGE = YES_ERROR;
				CLANG_WARN_DOCUMENTATION_COMMENTS = YES;
				CLANG_WARN_EMPTY_BODY = YES;
				CLANG_WARN_ENUM_CONVERSION = YES;
				CLANG_WARN_INFINITE_RECURSION = YES;
				CLANG_WARN_INT_CONVERSION = YES;
				CLANG_WARN_NON_LITERAL_NULL_CONVERSION = YES;
				CLANG_WARN_OBJC_IMPLICIT_RETAIN_SELF = YES;
				CLANG_WARN_OBJC_LITERAL_CONVERSION = YES;
				CLANG_WARN_OBJC_ROOT_CLASS = YES_ERROR;
				CLANG_WARN_QUOTED_INCLUDE_IN_FRAMEWORK_HEADER = YES;
				CLANG_WARN_RANGE_LOOP_ANALYSIS = YES;
				CLANG_WARN_STRICT_PROTOTYPES = YES;
				CLANG_WARN_SUSPICIOUS_MOVE = YES;
				CLANG_WARN_UNGUARDED_AVAILABILITY = YES_AGGRESSIVE;
				CLANG_WARN_UNREACHABLE_CODE = YES;
				CLANG_WARN__DUPLICATE_METHOD_MATCH = YES;
				COPY_PHASE_STRIP = NO;
				DEBUG_INFORMATION_FORMAT = "dwarf-with-dsym";
				ENABLE_NS_ASSERTIONS = NO;
				ENABLE_STRICT_OBJC_MSGSEND = YES;
				GCC_C_LANGUAGE_STANDARD = gnu11;
				GCC_NO_COMMON_BLOCKS = YES;
				GCC_WARN_64_TO_32_BIT_CONVERSION = YES;
				GCC_WARN_ABOUT_RETURN_TYPE = YES_ERROR;
				GCC_WARN_UNDECLARED_SELECTOR = YES;
				GCC_WARN_UNINITIALIZED_AUTOS = YES_AGGRESSIVE;
				GCC_WARN_UNUSED_FUNCTION = YES;
				GCC_WARN_UNUSED_VARIABLE = YES;
				IPHONEOS_DEPLOYMENT_TARGET = 16.0;
				MTL_ENABLE_DEBUG_INFO = NO;
				MTL_FAST_MATH = YES;
				SDKROOT = iphoneos;
				SWIFT_COMPILATION_MODE = wholemodule;
				SWIFT_OPTIMIZATION_LEVEL = "-O";
				VALIDATE_PRODUCT = YES;
			};
			name = Release;
		};
		2B6C5F5B2AEFF3C80060650F /* Debug */ = {
			isa = XCBuildConfiguration;
			buildSettings = {
				ASSETCATALOG_COMPILER_APPICON_NAME = AppIcon;
				ASSETCATALOG_COMPILER_GLOBAL_ACCENT_COLOR_NAME = AccentColor;
				CODE_SIGN_STYLE = Automatic;
				CURRENT_PROJECT_VERSION = 1;
				DEVELOPMENT_ASSET_PATHS = "\"CoffeOrder/Preview Content\"";
				DEVELOPMENT_TEAM = 9N245B334X;
				ENABLE_PREVIEWS = YES;
				GENERATE_INFOPLIST_FILE = YES;
				INFOPLIST_KEY_UIApplicationSceneManifest_Generation = YES;
				INFOPLIST_KEY_UIApplicationSupportsIndirectInputEvents = YES;
				INFOPLIST_KEY_UILaunchScreen_Generation = YES;
				INFOPLIST_KEY_UISupportedInterfaceOrientations_iPad = "UIInterfaceOrientationPortrait UIInterfaceOrientationPortraitUpsideDown UIInterfaceOrientationLandscapeLeft UIInterfaceOrientationLandscapeRight";
				INFOPLIST_KEY_UISupportedInterfaceOrientations_iPhone = "UIInterfaceOrientationPortrait UIInterfaceOrientationLandscapeLeft UIInterfaceOrientationLandscapeRight";
				LD_RUNPATH_SEARCH_PATHS = (
					"$(inherited)",
					"@executable_path/Frameworks",
				);
				MARKETING_VERSION = 1.0;
				PRODUCT_BUNDLE_IDENTIFIER = com.seymenelmas.CoffeOrder;
				PRODUCT_NAME = "$(TARGET_NAME)";
				SWIFT_EMIT_LOC_STRINGS = YES;
				SWIFT_VERSION = 5.0;
				TARGETED_DEVICE_FAMILY = "1,2";
			};
			name = Debug;
		};
		2B6C5F5C2AEFF3C80060650F /* Release */ = {
			isa = XCBuildConfiguration;
			buildSettings = {
				ASSETCATALOG_COMPILER_APPICON_NAME = AppIcon;
				ASSETCATALOG_COMPILER_GLOBAL_ACCENT_COLOR_NAME = AccentColor;
				CODE_SIGN_STYLE = Automatic;
				CURRENT_PROJECT_VERSION = 1;
				DEVELOPMENT_ASSET_PATHS = "\"CoffeOrder/Preview Content\"";
				DEVELOPMENT_TEAM = 9N245B334X;
				ENABLE_PREVIEWS = YES;
				GENERATE_INFOPLIST_FILE = YES;
				INFOPLIST_KEY_UIApplicationSceneManifest_Generation = YES;
				INFOPLIST_KEY_UIApplicationSupportsIndirectInputEvents = YES;
				INFOPLIST_KEY_UILaunchScreen_Generation = YES;
				INFOPLIST_KEY_UISupportedInterfaceOrientations_iPad = "UIInterfaceOrientationPortrait UIInterfaceOrientationPortraitUpsideDown UIInterfaceOrientationLandscapeLeft UIInterfaceOrientationLandscapeRight";
				INFOPLIST_KEY_UISupportedInterfaceOrientations_iPhone = "UIInterfaceOrientationPortrait UIInterfaceOrientationLandscapeLeft UIInterfaceOrientationLandscapeRight";
				LD_RUNPATH_SEARCH_PATHS = (
					"$(inherited)",
					"@executable_path/Frameworks",
				);
				MARKETING_VERSION = 1.0;
				PRODUCT_BUNDLE_IDENTIFIER = com.seymenelmas.CoffeOrder;
				PRODUCT_NAME = "$(TARGET_NAME)";
				SWIFT_EMIT_LOC_STRINGS = YES;
				SWIFT_VERSION = 5.0;
				TARGETED_DEVICE_FAMILY = "1,2";
			};
			name = Release;
		};
/* End XCBuildConfiguration section */

/* Begin XCConfigurationList section */
		2B5428432AF2560800C1D309 /* Build configuration list for PBXNativeTarget "CoffeOrderE2EUITests" */ = {
			isa = XCConfigurationList;
			buildConfigurations = (
				2B5428442AF2560800C1D309 /* Debug */,
				2B5428452AF2560800C1D309 /* Release */,
			);
			defaultConfigurationIsVisible = 0;
			defaultConfigurationName = Release;
		};
		2B6C5F472AEFF3C60060650F /* Build configuration list for PBXProject "CoffeOrder" */ = {
			isa = XCConfigurationList;
			buildConfigurations = (
				2B6C5F582AEFF3C80060650F /* Debug */,
				2B6C5F592AEFF3C80060650F /* Release */,
			);
			defaultConfigurationIsVisible = 0;
			defaultConfigurationName = Release;
		};
		2B6C5F5A2AEFF3C80060650F /* Build configuration list for PBXNativeTarget "CoffeOrder" */ = {
			isa = XCConfigurationList;
			buildConfigurations = (
				2B6C5F5B2AEFF3C80060650F /* Debug */,
				2B6C5F5C2AEFF3C80060650F /* Release */,
			);
			defaultConfigurationIsVisible = 0;
			defaultConfigurationName = Release;
		};
/* End XCConfigurationList section */
	};
	rootObject = 2B6C5F442AEFF3C60060650F /* Project object */;
}
