// !$*UTF8*$!
{
	archiveVersion = 1;
	classes = {
	};
	objectVersion = 56;
	objects = {

/* Begin PBXBuildFile section */
		2B29342D2AF7B90500748677 /* MyValletApp.swift in Sources */ = {isa = PBXBuildFile; fileRef = 2B29342C2AF7B90500748677 /* MyValletApp.swift */; };
		2B29342F2AF7B90500748677 /* ContentView.swift in Sources */ = {isa = PBXBuildFile; fileRef = 2B29342E2AF7B90500748677 /* ContentView.swift */; };
		2B2934312AF7B90800748677 /* Assets.xcassets in Resources */ = {isa = PBXBuildFile; fileRef = 2B2934302AF7B90800748677 /* Assets.xcassets */; };
		2B2934342AF7B90800748677 /* Preview Assets.xcassets in Resources */ = {isa = PBXBuildFile; fileRef = 2B2934332AF7B90800748677 /* Preview Assets.xcassets */; };
		2B29343C2AF7B96E00748677 /* MyValletModel.xcdatamodeld in Sources */ = {isa = PBXBuildFile; fileRef = 2B29343A2AF7B96E00748677 /* MyValletModel.xcdatamodeld */; };
		2B2934402AF7BB8C00748677 /* ValletCategory+CoreDataClass.swift in Sources */ = {isa = PBXBuildFile; fileRef = 2B29343F2AF7BB8C00748677 /* ValletCategory+CoreDataClass.swift */; };
		2B2934432AF7BCD500748677 /* CoreDataManager.swift in Sources */ = {isa = PBXBuildFile; fileRef = 2B2934422AF7BCD500748677 /* CoreDataManager.swift */; };
		2B2934462AF7C2D200748677 /* AddBudgetCategoryView.swift in Sources */ = {isa = PBXBuildFile; fileRef = 2B2934452AF7C2D200748677 /* AddBudgetCategoryView.swift */; };
		2B2934492AF7CDF900748677 /* NumberFormatter+Extensions.swift in Sources */ = {isa = PBXBuildFile; fileRef = 2B2934482AF7CDF900748677 /* NumberFormatter+Extensions.swift */; };
		2B29344B2AF808CE00748677 /* ValletListView.swift in Sources */ = {isa = PBXBuildFile; fileRef = 2B29344A2AF808CE00748677 /* ValletListView.swift */; };
/* End PBXBuildFile section */

/* Begin PBXFileReference section */
		2B2934292AF7B90500748677 /* MyVallet.app */ = {isa = PBXFileReference; explicitFileType = wrapper.application; includeInIndex = 0; path = MyVallet.app; sourceTree = BUILT_PRODUCTS_DIR; };
		2B29342C2AF7B90500748677 /* MyValletApp.swift */ = {isa = PBXFileReference; lastKnownFileType = sourcecode.swift; path = MyValletApp.swift; sourceTree = "<group>"; };
		2B29342E2AF7B90500748677 /* ContentView.swift */ = {isa = PBXFileReference; lastKnownFileType = sourcecode.swift; path = ContentView.swift; sourceTree = "<group>"; };
		2B2934302AF7B90800748677 /* Assets.xcassets */ = {isa = PBXFileReference; lastKnownFileType = folder.assetcatalog; path = Assets.xcassets; sourceTree = "<group>"; };
		2B2934332AF7B90800748677 /* Preview Assets.xcassets */ = {isa = PBXFileReference; lastKnownFileType = folder.assetcatalog; path = "Preview Assets.xcassets"; sourceTree = "<group>"; };
		2B29343B2AF7B96E00748677 /* MyValletModel.xcdatamodel */ = {isa = PBXFileReference; lastKnownFileType = wrapper.xcdatamodel; path = MyValletModel.xcdatamodel; sourceTree = "<group>"; };
		2B29343F2AF7BB8C00748677 /* ValletCategory+CoreDataClass.swift */ = {isa = PBXFileReference; lastKnownFileType = sourcecode.swift; path = "ValletCategory+CoreDataClass.swift"; sourceTree = "<group>"; };
		2B2934422AF7BCD500748677 /* CoreDataManager.swift */ = {isa = PBXFileReference; lastKnownFileType = sourcecode.swift; path = CoreDataManager.swift; sourceTree = "<group>"; };
		2B2934452AF7C2D200748677 /* AddBudgetCategoryView.swift */ = {isa = PBXFileReference; lastKnownFileType = sourcecode.swift; path = AddBudgetCategoryView.swift; sourceTree = "<group>"; };
		2B2934482AF7CDF900748677 /* NumberFormatter+Extensions.swift */ = {isa = PBXFileReference; lastKnownFileType = sourcecode.swift; path = "NumberFormatter+Extensions.swift"; sourceTree = "<group>"; };
		2B29344A2AF808CE00748677 /* ValletListView.swift */ = {isa = PBXFileReference; lastKnownFileType = sourcecode.swift; path = ValletListView.swift; sourceTree = "<group>"; };
/* End PBXFileReference section */

/* Begin PBXFrameworksBuildPhase section */
		2B2934262AF7B90500748677 /* Frameworks */ = {
			isa = PBXFrameworksBuildPhase;
			buildActionMask = 2147483647;
			files = (
			);
			runOnlyForDeploymentPostprocessing = 0;
		};
/* End PBXFrameworksBuildPhase section */

/* Begin PBXGroup section */
		2B2934202AF7B90500748677 = {
			isa = PBXGroup;
			children = (
				2B29342B2AF7B90500748677 /* MyVallet */,
				2B29342A2AF7B90500748677 /* Products */,
			);
			sourceTree = "<group>";
		};
		2B29342A2AF7B90500748677 /* Products */ = {
			isa = PBXGroup;
			children = (
				2B2934292AF7B90500748677 /* MyVallet.app */,
			);
			name = Products;
			sourceTree = "<group>";
		};
		2B29342B2AF7B90500748677 /* MyVallet */ = {
			isa = PBXGroup;
			children = (
				2B2934472AF7CDBD00748677 /* Extensions */,
				2B2934442AF7C29C00748677 /* Views */,
				2B2934412AF7BCB500748677 /* Managers */,
				2B29343D2AF7BB2100748677 /* Models */,
				2B29342C2AF7B90500748677 /* MyValletApp.swift */,
				2B29342E2AF7B90500748677 /* ContentView.swift */,
				2B2934302AF7B90800748677 /* Assets.xcassets */,
				2B2934322AF7B90800748677 /* Preview Content */,
				2B29343A2AF7B96E00748677 /* MyValletModel.xcdatamodeld */,
			);
			path = MyVallet;
			sourceTree = "<group>";
		};
		2B2934322AF7B90800748677 /* Preview Content */ = {
			isa = PBXGroup;
			children = (
				2B2934332AF7B90800748677 /* Preview Assets.xcassets */,
			);
			path = "Preview Content";
			sourceTree = "<group>";
		};
		2B29343D2AF7BB2100748677 /* Models */ = {
			isa = PBXGroup;
			children = (
				2B29343E2AF7BB2800748677 /* Extensions */,
			);
			path = Models;
			sourceTree = "<group>";
		};
		2B29343E2AF7BB2800748677 /* Extensions */ = {
			isa = PBXGroup;
			children = (
				2B29343F2AF7BB8C00748677 /* ValletCategory+CoreDataClass.swift */,
			);
			path = Extensions;
			sourceTree = "<group>";
		};
		2B2934412AF7BCB500748677 /* Managers */ = {
			isa = PBXGroup;
			children = (
				2B2934422AF7BCD500748677 /* CoreDataManager.swift */,
			);
			path = Managers;
			sourceTree = "<group>";
		};
		2B2934442AF7C29C00748677 /* Views */ = {
			isa = PBXGroup;
			children = (
				2B2934452AF7C2D200748677 /* AddBudgetCategoryView.swift */,
				2B29344A2AF808CE00748677 /* ValletListView.swift */,
			);
			path = Views;
			sourceTree = "<group>";
		};
		2B2934472AF7CDBD00748677 /* Extensions */ = {
			isa = PBXGroup;
			children = (
				2B2934482AF7CDF900748677 /* NumberFormatter+Extensions.swift */,
			);
			path = Extensions;
			sourceTree = "<group>";
		};
/* End PBXGroup section */

/* Begin PBXNativeTarget section */
		2B2934282AF7B90500748677 /* MyVallet */ = {
			isa = PBXNativeTarget;
			buildConfigurationList = 2B2934372AF7B90800748677 /* Build configuration list for PBXNativeTarget "MyVallet" */;
			buildPhases = (
				2B2934252AF7B90500748677 /* Sources */,
				2B2934262AF7B90500748677 /* Frameworks */,
				2B2934272AF7B90500748677 /* Resources */,
			);
			buildRules = (
			);
			dependencies = (
			);
			name = MyVallet;
			productName = MyVallet;
			productReference = 2B2934292AF7B90500748677 /* MyVallet.app */;
			productType = "com.apple.product-type.application";
		};
/* End PBXNativeTarget section */

/* Begin PBXProject section */
		2B2934212AF7B90500748677 /* Project object */ = {
			isa = PBXProject;
			attributes = {
				BuildIndependentTargetsInParallel = 1;
				LastSwiftUpdateCheck = 1400;
				LastUpgradeCheck = 1400;
				TargetAttributes = {
					2B2934282AF7B90500748677 = {
						CreatedOnToolsVersion = 14.0.1;
					};
				};
			};
			buildConfigurationList = 2B2934242AF7B90500748677 /* Build configuration list for PBXProject "MyVallet" */;
			compatibilityVersion = "Xcode 14.0";
			developmentRegion = en;
			hasScannedForEncodings = 0;
			knownRegions = (
				en,
				Base,
			);
			mainGroup = 2B2934202AF7B90500748677;
			productRefGroup = 2B29342A2AF7B90500748677 /* Products */;
			projectDirPath = "";
			projectRoot = "";
			targets = (
				2B2934282AF7B90500748677 /* MyVallet */,
			);
		};
/* End PBXProject section */

/* Begin PBXResourcesBuildPhase section */
		2B2934272AF7B90500748677 /* Resources */ = {
			isa = PBXResourcesBuildPhase;
			buildActionMask = 2147483647;
			files = (
				2B2934342AF7B90800748677 /* Preview Assets.xcassets in Resources */,
				2B2934312AF7B90800748677 /* Assets.xcassets in Resources */,
			);
			runOnlyForDeploymentPostprocessing = 0;
		};
/* End PBXResourcesBuildPhase section */

/* Begin PBXSourcesBuildPhase section */
		2B2934252AF7B90500748677 /* Sources */ = {
			isa = PBXSourcesBuildPhase;
			buildActionMask = 2147483647;
			files = (
				2B29342F2AF7B90500748677 /* ContentView.swift in Sources */,
				2B29342D2AF7B90500748677 /* MyValletApp.swift in Sources */,
				2B2934492AF7CDF900748677 /* NumberFormatter+Extensions.swift in Sources */,
				2B29343C2AF7B96E00748677 /* MyValletModel.xcdatamodeld in Sources */,
				2B2934462AF7C2D200748677 /* AddBudgetCategoryView.swift in Sources */,
				2B2934432AF7BCD500748677 /* CoreDataManager.swift in Sources */,
				2B29344B2AF808CE00748677 /* ValletListView.swift in Sources */,
				2B2934402AF7BB8C00748677 /* ValletCategory+CoreDataClass.swift in Sources */,
			);
			runOnlyForDeploymentPostprocessing = 0;
		};
/* End PBXSourcesBuildPhase section */

/* Begin XCBuildConfiguration section */
		2B2934352AF7B90800748677 /* Debug */ = {
			isa = XCBuildConfiguration;
			buildSettings = {
				ALWAYS_SEARCH_USER_PATHS = NO;
				CLANG_ANALYZER_NONNULL = YES;
				CLANG_ANALYZER_NUMBER_OBJECT_CONVERSION = YES_AGGRESSIVE;
				CLANG_CXX_LANGUAGE_STANDARD = "gnu++20";
				CLANG_ENABLE_MODULES = YES;
				CLANG_ENABLE_OBJC_ARC = YES;
				CLANG_ENABLE_OBJC_WEAK = YES;
				CLANG_WARN_BLOCK_CAPTURE_AUTORELEASING = YES;
				CLANG_WARN_BOOL_CONVERSION = YES;
				CLANG_WARN_COMMA = YES;
				CLANG_WARN_CONSTANT_CONVERSION = YES;
				CLANG_WARN_DEPRECATED_OBJC_IMPLEMENTATIONS = YES;
				CLANG_WARN_DIRECT_OBJC_ISA_USAGE = YES_ERROR;
				CLANG_WARN_DOCUMENTATION_COMMENTS = YES;
				CLANG_WARN_EMPTY_BODY = YES;
				CLANG_WARN_ENUM_CONVERSION = YES;
				CLANG_WARN_INFINITE_RECURSION = YES;
				CLANG_WARN_INT_CONVERSION = YES;
				CLANG_WARN_NON_LITERAL_NULL_CONVERSION = YES;
				CLANG_WARN_OBJC_IMPLICIT_RETAIN_SELF = YES;
				CLANG_WARN_OBJC_LITERAL_CONVERSION = YES;
				CLANG_WARN_OBJC_ROOT_CLASS = YES_ERROR;
				CLANG_WARN_QUOTED_INCLUDE_IN_FRAMEWORK_HEADER = YES;
				CLANG_WARN_RANGE_LOOP_ANALYSIS = YES;
				CLANG_WARN_STRICT_PROTOTYPES = YES;
				CLANG_WARN_SUSPICIOUS_MOVE = YES;
				CLANG_WARN_UNGUARDED_AVAILABILITY = YES_AGGRESSIVE;
				CLANG_WARN_UNREACHABLE_CODE = YES;
				CLANG_WARN__DUPLICATE_METHOD_MATCH = YES;
				COPY_PHASE_STRIP = NO;
				DEBUG_INFORMATION_FORMAT = dwarf;
				ENABLE_STRICT_OBJC_MSGSEND = YES;
				ENABLE_TESTABILITY = YES;
				GCC_C_LANGUAGE_STANDARD = gnu11;
				GCC_DYNAMIC_NO_PIC = NO;
				GCC_NO_COMMON_BLOCKS = YES;
				GCC_OPTIMIZATION_LEVEL = 0;
				GCC_PREPROCESSOR_DEFINITIONS = (
					"DEBUG=1",
					"$(inherited)",
				);
				GCC_WARN_64_TO_32_BIT_CONVERSION = YES;
				GCC_WARN_ABOUT_RETURN_TYPE = YES_ERROR;
				GCC_WARN_UNDECLARED_SELECTOR = YES;
				GCC_WARN_UNINITIALIZED_AUTOS = YES_AGGRESSIVE;
				GCC_WARN_UNUSED_FUNCTION = YES;
				GCC_WARN_UNUSED_VARIABLE = YES;
				IPHONEOS_DEPLOYMENT_TARGET = 16.0;
				MTL_ENABLE_DEBUG_INFO = INCLUDE_SOURCE;
				MTL_FAST_MATH = YES;
				ONLY_ACTIVE_ARCH = YES;
				SDKROOT = iphoneos;
				SWIFT_ACTIVE_COMPILATION_CONDITIONS = DEBUG;
				SWIFT_OPTIMIZATION_LEVEL = "-Onone";
			};
			name = Debug;
		};
		2B2934362AF7B90800748677 /* Release */ = {
			isa = XCBuildConfiguration;
			buildSettings = {
				ALWAYS_SEARCH_USER_PATHS = NO;
				CLANG_ANALYZER_NONNULL = YES;
				CLANG_ANALYZER_NUMBER_OBJECT_CONVERSION = YES_AGGRESSIVE;
				CLANG_CXX_LANGUAGE_STANDARD = "gnu++20";
				CLANG_ENABLE_MODULES = YES;
				CLANG_ENABLE_OBJC_ARC = YES;
				CLANG_ENABLE_OBJC_WEAK = YES;
				CLANG_WARN_BLOCK_CAPTURE_AUTORELEASING = YES;
				CLANG_WARN_BOOL_CONVERSION = YES;
				CLANG_WARN_COMMA = YES;
				CLANG_WARN_CONSTANT_CONVERSION = YES;
				CLANG_WARN_DEPRECATED_OBJC_IMPLEMENTATIONS = YES;
				CLANG_WARN_DIRECT_OBJC_ISA_USAGE = YES_ERROR;
				CLANG_WARN_DOCUMENTATION_COMMENTS = YES;
				CLANG_WARN_EMPTY_BODY = YES;
				CLANG_WARN_ENUM_CONVERSION = YES;
				CLANG_WARN_INFINITE_RECURSION = YES;
				CLANG_WARN_INT_CONVERSION = YES;
				CLANG_WARN_NON_LITERAL_NULL_CONVERSION = YES;
				CLANG_WARN_OBJC_IMPLICIT_RETAIN_SELF = YES;
				CLANG_WARN_OBJC_LITERAL_CONVERSION = YES;
				CLANG_WARN_OBJC_ROOT_CLASS = YES_ERROR;
				CLANG_WARN_QUOTED_INCLUDE_IN_FRAMEWORK_HEADER = YES;
				CLANG_WARN_RANGE_LOOP_ANALYSIS = YES;
				CLANG_WARN_STRICT_PROTOTYPES = YES;
				CLANG_WARN_SUSPICIOUS_MOVE = YES;
				CLANG_WARN_UNGUARDED_AVAILABILITY = YES_AGGRESSIVE;
				CLANG_WARN_UNREACHABLE_CODE = YES;
				CLANG_WARN__DUPLICATE_METHOD_MATCH = YES;
				COPY_PHASE_STRIP = NO;
				DEBUG_INFORMATION_FORMAT = "dwarf-with-dsym";
				ENABLE_NS_ASSERTIONS = NO;
				ENABLE_STRICT_OBJC_MSGSEND = YES;
				GCC_C_LANGUAGE_STANDARD = gnu11;
				GCC_NO_COMMON_BLOCKS = YES;
				GCC_WARN_64_TO_32_BIT_CONVERSION = YES;
				GCC_WARN_ABOUT_RETURN_TYPE = YES_ERROR;
				GCC_WARN_UNDECLARED_SELECTOR = YES;
				GCC_WARN_UNINITIALIZED_AUTOS = YES_AGGRESSIVE;
				GCC_WARN_UNUSED_FUNCTION = YES;
				GCC_WARN_UNUSED_VARIABLE = YES;
				IPHONEOS_DEPLOYMENT_TARGET = 16.0;
				MTL_ENABLE_DEBUG_INFO = NO;
				MTL_FAST_MATH = YES;
				SDKROOT = iphoneos;
				SWIFT_COMPILATION_MODE = wholemodule;
				SWIFT_OPTIMIZATION_LEVEL = "-O";
				VALIDATE_PRODUCT = YES;
			};
			name = Release;
		};
		2B2934382AF7B90800748677 /* Debug */ = {
			isa = XCBuildConfiguration;
			buildSettings = {
				ASSETCATALOG_COMPILER_APPICON_NAME = AppIcon;
				ASSETCATALOG_COMPILER_GLOBAL_ACCENT_COLOR_NAME = AccentColor;
				CODE_SIGN_STYLE = Automatic;
				CURRENT_PROJECT_VERSION = 1;
				DEVELOPMENT_ASSET_PATHS = "\"MyVallet/Preview Content\"";
				DEVELOPMENT_TEAM = 9N245B334X;
				ENABLE_PREVIEWS = YES;
				GENERATE_INFOPLIST_FILE = YES;
				INFOPLIST_KEY_UIApplicationSceneManifest_Generation = YES;
				INFOPLIST_KEY_UIApplicationSupportsIndirectInputEvents = YES;
				INFOPLIST_KEY_UILaunchScreen_Generation = YES;
				INFOPLIST_KEY_UISupportedInterfaceOrientations_iPad = "UIInterfaceOrientationPortrait UIInterfaceOrientationPortraitUpsideDown UIInterfaceOrientationLandscapeLeft UIInterfaceOrientationLandscapeRight";
				INFOPLIST_KEY_UISupportedInterfaceOrientations_iPhone = "UIInterfaceOrientationPortrait UIInterfaceOrientationLandscapeLeft UIInterfaceOrientationLandscapeRight";
				LD_RUNPATH_SEARCH_PATHS = (
					"$(inherited)",
					"@executable_path/Frameworks",
				);
				MARKETING_VERSION = 1.0;
				PRODUCT_BUNDLE_IDENTIFIER = com.seymenelmas.MyVallet;
				PRODUCT_NAME = "$(TARGET_NAME)";
				SWIFT_EMIT_LOC_STRINGS = YES;
				SWIFT_VERSION = 5.0;
				TARGETED_DEVICE_FAMILY = "1,2";
			};
			name = Debug;
		};
		2B2934392AF7B90800748677 /* Release */ = {
			isa = XCBuildConfiguration;
			buildSettings = {
				ASSETCATALOG_COMPILER_APPICON_NAME = AppIcon;
				ASSETCATALOG_COMPILER_GLOBAL_ACCENT_COLOR_NAME = AccentColor;
				CODE_SIGN_STYLE = Automatic;
				CURRENT_PROJECT_VERSION = 1;
				DEVELOPMENT_ASSET_PATHS = "\"MyVallet/Preview Content\"";
				DEVELOPMENT_TEAM = 9N245B334X;
				ENABLE_PREVIEWS = YES;
				GENERATE_INFOPLIST_FILE = YES;
				INFOPLIST_KEY_UIApplicationSceneManifest_Generation = YES;
				INFOPLIST_KEY_UIApplicationSupportsIndirectInputEvents = YES;
				INFOPLIST_KEY_UILaunchScreen_Generation = YES;
				INFOPLIST_KEY_UISupportedInterfaceOrientations_iPad = "UIInterfaceOrientationPortrait UIInterfaceOrientationPortraitUpsideDown UIInterfaceOrientationLandscapeLeft UIInterfaceOrientationLandscapeRight";
				INFOPLIST_KEY_UISupportedInterfaceOrientations_iPhone = "UIInterfaceOrientationPortrait UIInterfaceOrientationLandscapeLeft UIInterfaceOrientationLandscapeRight";
				LD_RUNPATH_SEARCH_PATHS = (
					"$(inherited)",
					"@executable_path/Frameworks",
				);
				MARKETING_VERSION = 1.0;
				PRODUCT_BUNDLE_IDENTIFIER = com.seymenelmas.MyVallet;
				PRODUCT_NAME = "$(TARGET_NAME)";
				SWIFT_EMIT_LOC_STRINGS = YES;
				SWIFT_VERSION = 5.0;
				TARGETED_DEVICE_FAMILY = "1,2";
			};
			name = Release;
		};
/* End XCBuildConfiguration section */

/* Begin XCConfigurationList section */
		2B2934242AF7B90500748677 /* Build configuration list for PBXProject "MyVallet" */ = {
			isa = XCConfigurationList;
			buildConfigurations = (
				2B2934352AF7B90800748677 /* Debug */,
				2B2934362AF7B90800748677 /* Release */,
			);
			defaultConfigurationIsVisible = 0;
			defaultConfigurationName = Release;
		};
		2B2934372AF7B90800748677 /* Build configuration list for PBXNativeTarget "MyVallet" */ = {
			isa = XCConfigurationList;
			buildConfigurations = (
				2B2934382AF7B90800748677 /* Debug */,
				2B2934392AF7B90800748677 /* Release */,
			);
			defaultConfigurationIsVisible = 0;
			defaultConfigurationName = Release;
		};
/* End XCConfigurationList section */

/* Begin XCVersionGroup section */
		2B29343A2AF7B96E00748677 /* MyValletModel.xcdatamodeld */ = {
			isa = XCVersionGroup;
			children = (
				2B29343B2AF7B96E00748677 /* MyValletModel.xcdatamodel */,
			);
			currentVersion = 2B29343B2AF7B96E00748677 /* MyValletModel.xcdatamodel */;
			path = MyValletModel.xcdatamodeld;
			sourceTree = "<group>";
			versionGroupType = wrapper.xcdatamodel;
		};
/* End XCVersionGroup section */
	};
	rootObject = 2B2934212AF7B90500748677 /* Project object */;
}
